
Microsoft Visual Studio Solution File, Format Version 12.00
# Visual Studio Version 16
VisualStudioVersion = 16.0.32901.82
MinimumVisualStudioVersion = 10.0.40219.1
Project("{FAE04EC0-301F-11D3-BF4B-00C04F79EFBC}") = "SimpleAsynAjax", "SimpleAsynAjax\SimpleAsynAjax.csproj", "{F79E4678-2E14-4199-8557-A5B4AFCEF17C}"
EndProject
Global
	GlobalSection(SolutionConfigurationPlatforms) = preSolution
		Debug|Any CPU = Debug|Any CPU
		Release|Any CPU = Release|Any CPU
	EndGlobalSection
	GlobalSection(ProjectConfigurationPlatforms) = postSolution
		{F79E4678-2E14-4199-8557-A5B4AFCEF17C}.Debug|Any CPU.ActiveCfg = Debug|Any CPU
		{F79E4678-2E14-4199-8557-A5B4AFCEF17C}.Debug|Any CPU.Build.0 = Debug|Any CPU
		{F79E4678-2E14-4199-8557-A5B4AFCEF17C}.Release|Any CPU.ActiveCfg = Release|Any CPU
		{F79E4678-2E14-4199-8557-A5B4AFCEF17C}.Release|Any CPU.Build.0 = Release|Any CPU
	EndGlobalSection
	GlobalSection(SolutionProperties) = preSolution
		HideSolutionNode = FALSE
	EndGlobalSection
	GlobalSection(ExtensibilityGlobals) = postSolution
		SolutionGuid = {49CEF8B2-DC80-401F-B43C-B1490923530B}
	EndGlobalSection
EndGlobal
