
Microsoft Visual Studio Solution File, Format Version 12.00
# Visual Studio Version 16
VisualStudioVersion = 16.0.31729.503
MinimumVisualStudioVersion = 10.0.40219.1
Project("{FAE04EC0-301F-11D3-BF4B-00C04F79EFBC}") = "AdvMVC", "AdvMVC.csproj", "{3D3CF838-457E-4341-B4BE-936B68AF07DB}"
EndProject
Global
	GlobalSection(SolutionConfigurationPlatforms) = preSolution
		Debug|Any CPU = Debug|Any CPU
		Release|Any CPU = Release|Any CPU
	EndGlobalSection
	GlobalSection(ProjectConfigurationPlatforms) = postSolution
		{3D3CF838-457E-4341-B4BE-936B68AF07DB}.Debug|Any CPU.ActiveCfg = Debug|Any CPU
		{3D3CF838-457E-4341-B4BE-936B68AF07DB}.Debug|Any CPU.Build.0 = Debug|Any CPU
		{3D3CF838-457E-4341-B4BE-936B68AF07DB}.Release|Any CPU.ActiveCfg = Release|Any CPU
		{3D3CF838-457E-4341-B4BE-936B68AF07DB}.Release|Any CPU.Build.0 = Release|Any CPU
	EndGlobalSection
	GlobalSection(SolutionProperties) = preSolution
		HideSolutionNode = FALSE
	EndGlobalSection
	GlobalSection(ExtensibilityGlobals) = postSolution
		SolutionGuid = {19891AC8-718D-48D9-9563-9075BB5DAEDE}
	EndGlobalSection
EndGlobal
